<?xml version="1.0" encoding="utf-8"?>
<Project ToolsVersion="4.0" xmlns="http://schemas.microsoft.com/developer/msbuild/2003">
  <ItemGroup>
    <Filter Include="源文件">
      <UniqueIdentifier>{4FC737F1-C7A5-4376-A066-2A32D752A2FF}</UniqueIdentifier>
      <Extensions>cpp;c;cc;cxx;def;odl;idl;hpj;bat;asm;asmx</Extensions>
    </Filter>
    <Filter Include="头文件">
      <UniqueIdentifier>{93995380-89BD-4b04-88EB-625FBE52EBFB}</UniqueIdentifier>
      <Extensions>h;hpp;hxx;hm;inl;inc;xsd</Extensions>
    </Filter>
    <Filter Include="资源文件">
      <UniqueIdentifier>{67DA6AB6-F800-4c08-8B7A-83BB121AAD01}</UniqueIdentifier>
      <Extensions>rc;ico;cur;bmp;dlg;rc2;rct;bin;rgs;gif;jpg;jpeg;jpe;resx;tiff;tif;png;wav;mfcribbon-ms</Extensions>
    </Filter>
    <Filter Include="头文件\Thread">
      <UniqueIdentifier>{7eefe811-e232-41e4-a985-7a5cddeb3436}</UniqueIdentifier>
    </Filter>
    <Filter Include="头文件\Handler">
      <UniqueIdentifier>{e94e0423-7608-456c-8e09-e269b5fe2584}</UniqueIdentifier>
    </Filter>
    <Filter Include="头文件\Message">
      <UniqueIdentifier>{a35ca5c5-0e9b-4cd7-9925-1c42d636a9f5}</UniqueIdentifier>
    </Filter>
    <Filter Include="头文件\Looper">
      <UniqueIdentifier>{94db2258-445d-4228-865d-72b404578a82}</UniqueIdentifier>
    </Filter>
    <Filter Include="源文件\Thread">
      <UniqueIdentifier>{a037d48f-6799-473d-8b21-7ee475d84a70}</UniqueIdentifier>
    </Filter>
    <Filter Include="源文件\Looper">
      <UniqueIdentifier>{09fe1855-cdd6-479f-8814-4dab03c10f0c}</UniqueIdentifier>
    </Filter>
    <Filter Include="源文件\Message">
      <UniqueIdentifier>{b4ed8367-8899-4180-808b-657a50f2141a}</UniqueIdentifier>
    </Filter>
    <Filter Include="源文件\Handler">
      <UniqueIdentifier>{08615a8b-8218-4bf6-aaf8-bef1bcc0ab15}</UniqueIdentifier>
    </Filter>
    <Filter Include="头文件\Test">
      <UniqueIdentifier>{2e2aa2f8-f194-4451-8afc-299d4589a6b7}</UniqueIdentifier>
    </Filter>
    <Filter Include="源文件\Test">
      <UniqueIdentifier>{56c7cba1-dd28-4d6f-ad9b-bdb02439d7cf}</UniqueIdentifier>
    </Filter>
  </ItemGroup>
  <ItemGroup>
    <ClInclude Include="include\Thread\MessageThread.h">
      <Filter>头文件\Thread</Filter>
    </ClInclude>
    <ClInclude Include="include\Thread\Runnable.h">
      <Filter>头文件\Thread</Filter>
    </ClInclude>
    <ClInclude Include="include\Thread\Thread.h">
      <Filter>头文件\Thread</Filter>
    </ClInclude>
    <ClInclude Include="include\Looper\BaseMessageLooper.h">
      <Filter>头文件\Looper</Filter>
    </ClInclude>
    <ClInclude Include="include\Looper\IMessageLooper.h">
      <Filter>头文件\Looper</Filter>
    </ClInclude>
    <ClInclude Include="include\Looper\Looper.h">
      <Filter>头文件\Looper</Filter>
    </ClInclude>
    <ClInclude Include="include\Message\Message.h">
      <Filter>头文件\Message</Filter>
    </ClInclude>
    <ClInclude Include="include\Message\MessageQueue.h">
      <Filter>头文件\Message</Filter>
    </ClInclude>
    <ClInclude Include="include\Handler\MessageHandler.h">
      <Filter>头文件\Handler</Filter>
    </ClInclude>
    <ClInclude Include="include\Handler\MessageThreadHandler.h">
      <Filter>头文件\Handler</Filter>
    </ClInclude>
    <ClInclude Include="include\Test\TestThread.h">
      <Filter>头文件\Test</Filter>
    </ClInclude>
  </ItemGroup>
  <ItemGroup>
    <ClCompile Include="src\Thread\Runnable.cpp">
      <Filter>源文件\Thread</Filter>
    </ClCompile>
    <ClCompile Include="src\Thread\Thread.cpp">
      <Filter>源文件\Thread</Filter>
    </ClCompile>
    <ClCompile Include="src\Thread\MessageThread.cpp">
      <Filter>源文件\Thread</Filter>
    </ClCompile>
    <ClCompile Include="src\Message\Message.cpp">
      <Filter>源文件\Message</Filter>
    </ClCompile>
    <ClCompile Include="src\Looper\BaseMessageLooper.cpp">
      <Filter>源文件\Looper</Filter>
    </ClCompile>
    <ClCompile Include="src\Looper\Looper.cpp">
      <Filter>源文件\Looper</Filter>
    </ClCompile>
    <ClCompile Include="src\Handler\MessageHandler.cpp">
      <Filter>源文件\Handler</Filter>
    </ClCompile>
    <ClCompile Include="src\Handler\MessageThreadHandler.cpp">
      <Filter>源文件\Handler</Filter>
    </ClCompile>
    <ClCompile Include="src\Test\TestThread.cpp">
      <Filter>源文件\Test</Filter>
    </ClCompile>
    <ClCompile Include="src\Test\main.cpp">
      <Filter>源文件\Test</Filter>
    </ClCompile>
  </ItemGroup>
</Project>